PODS:
  - Alamofire (4.0.1)
  - CocoaAsyncSocket (7.5.1):
    - CocoaAsyncSocket/GCD (= 7.5.1)
  - CocoaAsyncSocket/GCD (7.5.1)

DEPENDENCIES:
  - Alamofire (~> 4.0)
  - CocoaAsyncSocket

SPEC CHECKSUMS:
  Alamofire: 7682d43245de14874acd142ec137b144aa1dd335
  CocoaAsyncSocket: e0a7e93b2ffa411592ff87e58524fbbc9b95b4fa

PODFILE CHECKSUM: 8359f09167fd94229a03ac2762b94f36cfdc8a4c

COCOAPODS: 1.1.1
